
Microsoft Visual Studio Solution File, Format Version 12.00
# Visual Studio 15
VisualStudioVersion = 15.0.27703.2026
MinimumVisualStudioVersion = 10.0.40219.1
Project("{FAE04EC0-301F-11D3-BF4B-00C04F79EFBC}") = "Blocknote", "Blocknote\Blocknote.csproj", "{06E4B9D1-D0C3-4944-A211-174E67EFA1BD}"
EndProject
Global
	GlobalSection(SolutionConfigurationPlatforms) = preSolution
		Debug|Any CPU = Debug|Any CPU
		Release|Any CPU = Release|Any CPU
	EndGlobalSection
	GlobalSection(ProjectConfigurationPlatforms) = postSolution
		{06E4B9D1-D0C3-4944-A211-174E67EFA1BD}.Debug|Any CPU.ActiveCfg = Debug|Any CPU
		{06E4B9D1-D0C3-4944-A211-174E67EFA1BD}.Debug|Any CPU.Build.0 = Debug|Any CPU
		{06E4B9D1-D0C3-4944-A211-174E67EFA1BD}.Release|Any CPU.ActiveCfg = Release|Any CPU
		{06E4B9D1-D0C3-4944-A211-174E67EFA1BD}.Release|Any CPU.Build.0 = Release|Any CPU
	EndGlobalSection
	GlobalSection(SolutionProperties) = preSolution
		HideSolutionNode = FALSE
	EndGlobalSection
	GlobalSection(ExtensibilityGlobals) = postSolution
		SolutionGuid = {B6B0DA5B-DAE6-4C50-A4DC-660312D7CDE3}
	EndGlobalSection
EndGlobal
